
Microsoft Visual Studio Solution File, Format Version 12.00
# Visual Studio 2013
VisualStudioVersion = 12.0.30723.0
MinimumVisualStudioVersion = 10.0.40219.1
Project("{FAE04EC0-301F-11D3-BF4B-00C04F79EFBC}") = "Kritner.Common", "Kritner.Common\Kritner.Common.csproj", "{A52B96C0-93DF-4B20-81BA-E8BAF8352A70}"
EndProject
Project("{FAE04EC0-301F-11D3-BF4B-00C04F79EFBC}") = "Kritner.Common.Tests", "Kritner.Common.Tests\Kritner.Common.Tests.csproj", "{07B40145-0EA1-4665-898C-6C3E8841EB6D}"
EndProject
Global
	GlobalSection(SolutionConfigurationPlatforms) = preSolution
		Debug|Any CPU = Debug|Any CPU
		Release|Any CPU = Release|Any CPU
	EndGlobalSection
	GlobalSection(ProjectConfigurationPlatforms) = postSolution
		{A52B96C0-93DF-4B20-81BA-E8BAF8352A70}.Debug|Any CPU.ActiveCfg = Debug|Any CPU
		{A52B96C0-93DF-4B20-81BA-E8BAF8352A70}.Debug|Any CPU.Build.0 = Debug|Any CPU
		{A52B96C0-93DF-4B20-81BA-E8BAF8352A70}.Release|Any CPU.ActiveCfg = Release|Any CPU
		{A52B96C0-93DF-4B20-81BA-E8BAF8352A70}.Release|Any CPU.Build.0 = Release|Any CPU
		{07B40145-0EA1-4665-898C-6C3E8841EB6D}.Debug|Any CPU.ActiveCfg = Debug|Any CPU
		{07B40145-0EA1-4665-898C-6C3E8841EB6D}.Debug|Any CPU.Build.0 = Debug|Any CPU
		{07B40145-0EA1-4665-898C-6C3E8841EB6D}.Release|Any CPU.ActiveCfg = Release|Any CPU
		{07B40145-0EA1-4665-898C-6C3E8841EB6D}.Release|Any CPU.Build.0 = Release|Any CPU
	EndGlobalSection
	GlobalSection(SolutionProperties) = preSolution
		HideSolutionNode = FALSE
	EndGlobalSection
EndGlobal
